{
  "name": "ajs-1",
  "version": "1.0.0",
  "lockfileVersion": 1,
  "requires": true,
  "dependencies": {
    "@borison4ik/ajs": {
      "version": "1.0.0",
      "resolved": "https://npm.pkg.github.com/download/@borison4ik/ajs/1.0.0/6e5841d180436191d9c8c5195e3b6072a049c08fd9c343e8766966d6bf5b923d",
      "integrity": "sha512-DHSTup+0qyA0vBa/4qWbnrYKGvu4GQlQodGcTdh4NOSupUN2yZxu4tSMbyfWnzO9nGnwpNERZG/IIzsT2GVrow=="
    }
  }
}
